
Microsoft Visual Studio Solution File, Format Version 12.00
# Visual Studio Version 16
VisualStudioVersion = 16.0.29519.181
MinimumVisualStudioVersion = 10.0.40219.1
Project("{FAE04EC0-301F-11D3-BF4B-00C04F79EFBC}") = "TestUdpClient", "TestUdpClient\TestUdpClient.csproj", "{5F266A41-7E0E-4706-8BE4-4325A7367EAB}"
EndProject
Project("{FAE04EC0-301F-11D3-BF4B-00C04F79EFBC}") = "TestUdpServer", "TestUdpServer\TestUdpServer.csproj", "{756CD220-8E83-4539-85A9-4D336DA0FDFF}"
EndProject
Project("{FAE04EC0-301F-11D3-BF4B-00C04F79EFBC}") = "TestTcpClient", "TestTcpClient\TestTcpClient.csproj", "{F2B46F18-F62B-4AEB-ABD5-E298A0AB0093}"
EndProject
Project("{FAE04EC0-301F-11D3-BF4B-00C04F79EFBC}") = "TestTcpServer", "TestTcpServer\TestTcpServer.csproj", "{22B9FAAB-ED3F-40D2-BBB1-C65C281D1E67}"
EndProject
Project("{FAE04EC0-301F-11D3-BF4B-00C04F79EFBC}") = "TestTcpClientConcurrency", "TestTcpClientConcurrency\TestTcpClientConcurrency.csproj", "{8D3C957E-8EB9-42C7-B419-6839EFCDC4FA}"
EndProject
Project("{FAE04EC0-301F-11D3-BF4B-00C04F79EFBC}") = "TestTcpServerConcurrency", "TestTcpServerConcurrency\TestTcpServerConcurrency.csproj", "{D8FD4FF1-07B3-4992-B98D-D8AAD971D275}"
EndProject
Project("{9A19103F-16F7-4668-BE54-9A1E7A4F7556}") = "Test.Docker.Client", "Test.Docker.Client\Test.Docker.Client.csproj", "{5A4BB541-C307-4BB5-A3B5-9421545B561C}"
EndProject
Project("{9A19103F-16F7-4668-BE54-9A1E7A4F7556}") = "Test.Docker.Type", "Test.Docker.Type\Test.Docker.Type.csproj", "{695D0320-6B51-4418-9C1D-9A05C6741C1A}"
EndProject
Project("{9A19103F-16F7-4668-BE54-9A1E7A4F7556}") = "Test.Docker.Variable", "Test.Docker.Variable\Test.Docker.Variable.csproj", "{D1A21DF6-66CE-4FF2-930A-2C959B9CB65D}"
EndProject
Project("{2150E333-8FDC-42A3-9474-1A3956D46DE8}") = "NetworkLibTest", "NetworkLibTest", "{2DE56A67-4B67-404A-81B0-0B0189D20614}"
EndProject
Project("{2150E333-8FDC-42A3-9474-1A3956D46DE8}") = "DockerTestCore", "DockerTestCore", "{10350018-DFD5-4138-937F-8E90C04FA256}"
EndProject
Project("{9A19103F-16F7-4668-BE54-9A1E7A4F7556}") = "Test.Docker.Server.MainServer", "Test.Docker.Server.MainServer\Test.Docker.Server.MainServer.csproj", "{5C62C164-EFD3-457D-A88B-A3FFA7450E5F}"
EndProject
Project("{9A19103F-16F7-4668-BE54-9A1E7A4F7556}") = "TestiTextSharp", "TestiTextSharp\TestiTextSharp.csproj", "{320306F2-23BE-4BC4-BA73-5184C521B04B}"
EndProject
Global
	GlobalSection(SolutionConfigurationPlatforms) = preSolution
		Debug|Any CPU = Debug|Any CPU
		Release|Any CPU = Release|Any CPU
	EndGlobalSection
	GlobalSection(ProjectConfigurationPlatforms) = postSolution
		{5F266A41-7E0E-4706-8BE4-4325A7367EAB}.Debug|Any CPU.ActiveCfg = Debug|Any CPU
		{5F266A41-7E0E-4706-8BE4-4325A7367EAB}.Debug|Any CPU.Build.0 = Debug|Any CPU
		{5F266A41-7E0E-4706-8BE4-4325A7367EAB}.Release|Any CPU.ActiveCfg = Release|Any CPU
		{5F266A41-7E0E-4706-8BE4-4325A7367EAB}.Release|Any CPU.Build.0 = Release|Any CPU
		{756CD220-8E83-4539-85A9-4D336DA0FDFF}.Debug|Any CPU.ActiveCfg = Debug|Any CPU
		{756CD220-8E83-4539-85A9-4D336DA0FDFF}.Debug|Any CPU.Build.0 = Debug|Any CPU
		{756CD220-8E83-4539-85A9-4D336DA0FDFF}.Release|Any CPU.ActiveCfg = Release|Any CPU
		{756CD220-8E83-4539-85A9-4D336DA0FDFF}.Release|Any CPU.Build.0 = Release|Any CPU
		{F2B46F18-F62B-4AEB-ABD5-E298A0AB0093}.Debug|Any CPU.ActiveCfg = Debug|Any CPU
		{F2B46F18-F62B-4AEB-ABD5-E298A0AB0093}.Debug|Any CPU.Build.0 = Debug|Any CPU
		{F2B46F18-F62B-4AEB-ABD5-E298A0AB0093}.Release|Any CPU.ActiveCfg = Release|Any CPU
		{F2B46F18-F62B-4AEB-ABD5-E298A0AB0093}.Release|Any CPU.Build.0 = Release|Any CPU
		{22B9FAAB-ED3F-40D2-BBB1-C65C281D1E67}.Debug|Any CPU.ActiveCfg = Debug|Any CPU
		{22B9FAAB-ED3F-40D2-BBB1-C65C281D1E67}.Debug|Any CPU.Build.0 = Debug|Any CPU
		{22B9FAAB-ED3F-40D2-BBB1-C65C281D1E67}.Release|Any CPU.ActiveCfg = Release|Any CPU
		{22B9FAAB-ED3F-40D2-BBB1-C65C281D1E67}.Release|Any CPU.Build.0 = Release|Any CPU
		{8D3C957E-8EB9-42C7-B419-6839EFCDC4FA}.Debug|Any CPU.ActiveCfg = Debug|Any CPU
		{8D3C957E-8EB9-42C7-B419-6839EFCDC4FA}.Debug|Any CPU.Build.0 = Debug|Any CPU
		{8D3C957E-8EB9-42C7-B419-6839EFCDC4FA}.Release|Any CPU.ActiveCfg = Release|Any CPU
		{8D3C957E-8EB9-42C7-B419-6839EFCDC4FA}.Release|Any CPU.Build.0 = Release|Any CPU
		{D8FD4FF1-07B3-4992-B98D-D8AAD971D275}.Debug|Any CPU.ActiveCfg = Debug|Any CPU
		{D8FD4FF1-07B3-4992-B98D-D8AAD971D275}.Debug|Any CPU.Build.0 = Debug|Any CPU
		{D8FD4FF1-07B3-4992-B98D-D8AAD971D275}.Release|Any CPU.ActiveCfg = Release|Any CPU
		{D8FD4FF1-07B3-4992-B98D-D8AAD971D275}.Release|Any CPU.Build.0 = Release|Any CPU
		{5A4BB541-C307-4BB5-A3B5-9421545B561C}.Debug|Any CPU.ActiveCfg = Debug|Any CPU
		{5A4BB541-C307-4BB5-A3B5-9421545B561C}.Debug|Any CPU.Build.0 = Debug|Any CPU
		{5A4BB541-C307-4BB5-A3B5-9421545B561C}.Release|Any CPU.ActiveCfg = Release|Any CPU
		{5A4BB541-C307-4BB5-A3B5-9421545B561C}.Release|Any CPU.Build.0 = Release|Any CPU
		{695D0320-6B51-4418-9C1D-9A05C6741C1A}.Debug|Any CPU.ActiveCfg = Debug|Any CPU
		{695D0320-6B51-4418-9C1D-9A05C6741C1A}.Debug|Any CPU.Build.0 = Debug|Any CPU
		{695D0320-6B51-4418-9C1D-9A05C6741C1A}.Release|Any CPU.ActiveCfg = Release|Any CPU
		{695D0320-6B51-4418-9C1D-9A05C6741C1A}.Release|Any CPU.Build.0 = Release|Any CPU
		{D1A21DF6-66CE-4FF2-930A-2C959B9CB65D}.Debug|Any CPU.ActiveCfg = Debug|Any CPU
		{D1A21DF6-66CE-4FF2-930A-2C959B9CB65D}.Debug|Any CPU.Build.0 = Debug|Any CPU
		{D1A21DF6-66CE-4FF2-930A-2C959B9CB65D}.Release|Any CPU.ActiveCfg = Release|Any CPU
		{D1A21DF6-66CE-4FF2-930A-2C959B9CB65D}.Release|Any CPU.Build.0 = Release|Any CPU
		{5C62C164-EFD3-457D-A88B-A3FFA7450E5F}.Debug|Any CPU.ActiveCfg = Debug|Any CPU
		{5C62C164-EFD3-457D-A88B-A3FFA7450E5F}.Debug|Any CPU.Build.0 = Debug|Any CPU
		{5C62C164-EFD3-457D-A88B-A3FFA7450E5F}.Release|Any CPU.ActiveCfg = Release|Any CPU
		{5C62C164-EFD3-457D-A88B-A3FFA7450E5F}.Release|Any CPU.Build.0 = Release|Any CPU
		{320306F2-23BE-4BC4-BA73-5184C521B04B}.Debug|Any CPU.ActiveCfg = Debug|Any CPU
		{320306F2-23BE-4BC4-BA73-5184C521B04B}.Debug|Any CPU.Build.0 = Debug|Any CPU
		{320306F2-23BE-4BC4-BA73-5184C521B04B}.Release|Any CPU.ActiveCfg = Release|Any CPU
		{320306F2-23BE-4BC4-BA73-5184C521B04B}.Release|Any CPU.Build.0 = Release|Any CPU
	EndGlobalSection
	GlobalSection(SolutionProperties) = preSolution
		HideSolutionNode = FALSE
	EndGlobalSection
	GlobalSection(NestedProjects) = preSolution
		{5F266A41-7E0E-4706-8BE4-4325A7367EAB} = {2DE56A67-4B67-404A-81B0-0B0189D20614}
		{756CD220-8E83-4539-85A9-4D336DA0FDFF} = {2DE56A67-4B67-404A-81B0-0B0189D20614}
		{F2B46F18-F62B-4AEB-ABD5-E298A0AB0093} = {2DE56A67-4B67-404A-81B0-0B0189D20614}
		{22B9FAAB-ED3F-40D2-BBB1-C65C281D1E67} = {2DE56A67-4B67-404A-81B0-0B0189D20614}
		{8D3C957E-8EB9-42C7-B419-6839EFCDC4FA} = {2DE56A67-4B67-404A-81B0-0B0189D20614}
		{D8FD4FF1-07B3-4992-B98D-D8AAD971D275} = {2DE56A67-4B67-404A-81B0-0B0189D20614}
		{5A4BB541-C307-4BB5-A3B5-9421545B561C} = {10350018-DFD5-4138-937F-8E90C04FA256}
		{695D0320-6B51-4418-9C1D-9A05C6741C1A} = {10350018-DFD5-4138-937F-8E90C04FA256}
		{D1A21DF6-66CE-4FF2-930A-2C959B9CB65D} = {10350018-DFD5-4138-937F-8E90C04FA256}
		{5C62C164-EFD3-457D-A88B-A3FFA7450E5F} = {10350018-DFD5-4138-937F-8E90C04FA256}
	EndGlobalSection
	GlobalSection(ExtensibilityGlobals) = postSolution
		SolutionGuid = {E30FFCD3-6880-40FF-8CBF-C14DFE3A45BB}
	EndGlobalSection
EndGlobal
